// !$*UTF8*$!
{
	archiveVersion = 1;
	classes = {
	};
	objectVersion = 52;
	objects = {

/* Begin PBXBuildFile section */
		D9A04B7A26AFC8A4002A7B69 /* AppDelegate.swift in Sources */ = {isa = PBXBuildFile; fileRef = D9A04B7926AFC8A4002A7B69 /* AppDelegate.swift */; };
		D9A04B7C26AFC8A4002A7B69 /* SceneDelegate.swift in Sources */ = {isa = PBXBuildFile; fileRef = D9A04B7B26AFC8A4002A7B69 /* SceneDelegate.swift */; };
		D9A04B7E26AFC8A4002A7B69 /* ViewController.swift in Sources */ = {isa = PBXBuildFile; fileRef = D9A04B7D26AFC8A4002A7B69 /* ViewController.swift */; };
		D9A04B8126AFC8A4002A7B69 /* Main.storyboard in Resources */ = {isa = PBXBuildFile; fileRef = D9A04B7F26AFC8A4002A7B69 /* Main.storyboard */; };
		D9A04B8326AFC8BA002A7B69 /* Assets.xcassets in Resources */ = {isa = PBXBuildFile; fileRef = D9A04B8226AFC8BA002A7B69 /* Assets.xcassets */; };
		D9A04B8626AFC8BA002A7B69 /* LaunchScreen.storyboard in Resources */ = {isa = PBXBuildFile; fileRef = D9A04B8426AFC8BA002A7B69 /* LaunchScreen.storyboard */; };
		D9A04B9426AFCACA002A7B69 /* FoodProfileController.swift in Sources */ = {isa = PBXBuildFile; fileRef = D9A04B9326AFCACA002A7B69 /* FoodProfileController.swift */; };
		D9A04B9826AFCD98002A7B69 /* FoodProfileView.swift in Sources */ = {isa = PBXBuildFile; fileRef = D9A04B9726AFCD98002A7B69 /* FoodProfileView.swift */; };
		D9A04B9C26AFD14A002A7B69 /* SnapKit in Frameworks */ = {isa = PBXBuildFile; productRef = D9A04B9B26AFD14A002A7B69 /* SnapKit */; };
		D9A04BA026AFD756002A7B69 /* ProfileHeader.swift in Sources */ = {isa = PBXBuildFile; fileRef = D9A04B9F26AFD756002A7B69 /* ProfileHeader.swift */; };
		D9E78AF526B0585C004B3406 /* LabelText.swift in Sources */ = {isa = PBXBuildFile; fileRef = D9E78AF426B0585C004B3406 /* LabelText.swift */; };
/* End PBXBuildFile section */

/* Begin PBXFileReference section */
		D9A04B7626AFC8A4002A7B69 /* Foodish.app */ = {isa = PBXFileReference; explicitFileType = wrapper.application; includeInIndex = 0; path = Foodish.app; sourceTree = BUILT_PRODUCTS_DIR; };
		D9A04B7926AFC8A4002A7B69 /* AppDelegate.swift */ = {isa = PBXFileReference; lastKnownFileType = sourcecode.swift; path = AppDelegate.swift; sourceTree = "<group>"; };
		D9A04B7B26AFC8A4002A7B69 /* SceneDelegate.swift */ = {isa = PBXFileReference; lastKnownFileType = sourcecode.swift; path = SceneDelegate.swift; sourceTree = "<group>"; };
		D9A04B7D26AFC8A4002A7B69 /* ViewController.swift */ = {isa = PBXFileReference; lastKnownFileType = sourcecode.swift; path = ViewController.swift; sourceTree = "<group>"; };
		D9A04B8026AFC8A4002A7B69 /* Base */ = {isa = PBXFileReference; lastKnownFileType = file.storyboard; name = Base; path = Base.lproj/Main.storyboard; sourceTree = "<group>"; };
		D9A04B8226AFC8BA002A7B69 /* Assets.xcassets */ = {isa = PBXFileReference; lastKnownFileType = folder.assetcatalog; path = Assets.xcassets; sourceTree = "<group>"; };
		D9A04B8526AFC8BA002A7B69 /* Base */ = {isa = PBXFileReference; lastKnownFileType = file.storyboard; name = Base; path = Base.lproj/LaunchScreen.storyboard; sourceTree = "<group>"; };
		D9A04B8726AFC8BA002A7B69 /* Info.plist */ = {isa = PBXFileReference; lastKnownFileType = text.plist.xml; path = Info.plist; sourceTree = "<group>"; };
		D9A04B9326AFCACA002A7B69 /* FoodProfileController.swift */ = {isa = PBXFileReference; lastKnownFileType = sourcecode.swift; path = FoodProfileController.swift; sourceTree = "<group>"; };
		D9A04B9726AFCD98002A7B69 /* FoodProfileView.swift */ = {isa = PBXFileReference; lastKnownFileType = sourcecode.swift; path = FoodProfileView.swift; sourceTree = "<group>"; };
		D9A04B9F26AFD756002A7B69 /* ProfileHeader.swift */ = {isa = PBXFileReference; lastKnownFileType = sourcecode.swift; path = ProfileHeader.swift; sourceTree = "<group>"; };
		D9E78AF426B0585C004B3406 /* LabelText.swift */ = {isa = PBXFileReference; lastKnownFileType = sourcecode.swift; path = LabelText.swift; sourceTree = "<group>"; };
/* End PBXFileReference section */

/* Begin PBXFrameworksBuildPhase section */
		D9A04B7326AFC8A4002A7B69 /* Frameworks */ = {
			isa = PBXFrameworksBuildPhase;
			buildActionMask = 2147483647;
			files = (
				D9A04B9C26AFD14A002A7B69 /* SnapKit in Frameworks */,
			);
			runOnlyForDeploymentPostprocessing = 0;
		};
/* End PBXFrameworksBuildPhase section */

/* Begin PBXGroup section */
		D9A04B6D26AFC8A3002A7B69 = {
			isa = PBXGroup;
			children = (
				D9A04B7826AFC8A4002A7B69 /* Foodish */,
				D9A04B7726AFC8A4002A7B69 /* Products */,
			);
			sourceTree = "<group>";
		};
		D9A04B7726AFC8A4002A7B69 /* Products */ = {
			isa = PBXGroup;
			children = (
				D9A04B7626AFC8A4002A7B69 /* Foodish.app */,
			);
			name = Products;
			sourceTree = "<group>";
		};
		D9A04B7826AFC8A4002A7B69 /* Foodish */ = {
			isa = PBXGroup;
			children = (
				D9A04B7926AFC8A4002A7B69 /* AppDelegate.swift */,
				D9A04B7B26AFC8A4002A7B69 /* SceneDelegate.swift */,
				D9A04B7D26AFC8A4002A7B69 /* ViewController.swift */,
				D9E78AF326B05831004B3406 /* Extension */,
				D9A04B8E26AFC9F3002A7B69 /* FoodProfile */,
				D9A04B9226AFCA6D002A7B69 /* Storyboard */,
				D9A04B8226AFC8BA002A7B69 /* Assets.xcassets */,
				D9A04B8426AFC8BA002A7B69 /* LaunchScreen.storyboard */,
				D9A04B8726AFC8BA002A7B69 /* Info.plist */,
			);
			path = Foodish;
			sourceTree = "<group>";
		};
		D9A04B8E26AFC9F3002A7B69 /* FoodProfile */ = {
			isa = PBXGroup;
			children = (
				D9A04B9126AFCA2E002A7B69 /* View */,
				D9A04B8F26AFCA10002A7B69 /* Controller */,
			);
			path = FoodProfile;
			sourceTree = "<group>";
		};
		D9A04B8F26AFCA10002A7B69 /* Controller */ = {
			isa = PBXGroup;
			children = (
				D9A04B9326AFCACA002A7B69 /* FoodProfileController.swift */,
			);
			path = Controller;
			sourceTree = "<group>";
		};
		D9A04B9126AFCA2E002A7B69 /* View */ = {
			isa = PBXGroup;
			children = (
				D9A04B9726AFCD98002A7B69 /* FoodProfileView.swift */,
				D9A04B9F26AFD756002A7B69 /* ProfileHeader.swift */,
			);
			path = View;
			sourceTree = "<group>";
		};
		D9A04B9226AFCA6D002A7B69 /* Storyboard */ = {
			isa = PBXGroup;
			children = (
				D9A04B7F26AFC8A4002A7B69 /* Main.storyboard */,
			);
			path = Storyboard;
			sourceTree = "<group>";
		};
		D9E78AF326B05831004B3406 /* Extension */ = {
			isa = PBXGroup;
			children = (
				D9E78AF426B0585C004B3406 /* LabelText.swift */,
			);
			path = Extension;
			sourceTree = "<group>";
		};
/* End PBXGroup section */

/* Begin PBXNativeTarget section */
		D9A04B7526AFC8A4002A7B69 /* Foodish */ = {
			isa = PBXNativeTarget;
			buildConfigurationList = D9A04B8A26AFC8BA002A7B69 /* Build configuration list for PBXNativeTarget "Foodish" */;
			buildPhases = (
				D9A04B7226AFC8A4002A7B69 /* Sources */,
				D9A04B7326AFC8A4002A7B69 /* Frameworks */,
				D9A04B7426AFC8A4002A7B69 /* Resources */,
			);
			buildRules = (
			);
			dependencies = (
			);
			name = Foodish;
			packageProductDependencies = (
				D9A04B9B26AFD14A002A7B69 /* SnapKit */,
			);
			productName = Foodish;
			productReference = D9A04B7626AFC8A4002A7B69 /* Foodish.app */;
			productType = "com.apple.product-type.application";
		};
/* End PBXNativeTarget section */

/* Begin PBXProject section */
		D9A04B6E26AFC8A4002A7B69 /* Project object */ = {
			isa = PBXProject;
			attributes = {
				LastSwiftUpdateCheck = 1240;
				LastUpgradeCheck = 1240;
				TargetAttributes = {
					D9A04B7526AFC8A4002A7B69 = {
						CreatedOnToolsVersion = 12.4;
					};
				};
			};
			buildConfigurationList = D9A04B7126AFC8A4002A7B69 /* Build configuration list for PBXProject "Foodish" */;
			compatibilityVersion = "Xcode 9.3";
			developmentRegion = en;
			hasScannedForEncodings = 0;
			knownRegions = (
				en,
				Base,
			);
			mainGroup = D9A04B6D26AFC8A3002A7B69;
			packageReferences = (
				D9A04B9A26AFD14A002A7B69 /* XCRemoteSwiftPackageReference "SnapKit" */,
			);
			productRefGroup = D9A04B7726AFC8A4002A7B69 /* Products */;
			projectDirPath = "";
			projectRoot = "";
			targets = (
				D9A04B7526AFC8A4002A7B69 /* Foodish */,
			);
		};
/* End PBXProject section */

/* Begin PBXResourcesBuildPhase section */
		D9A04B7426AFC8A4002A7B69 /* Resources */ = {
			isa = PBXResourcesBuildPhase;
			buildActionMask = 2147483647;
			files = (
				D9A04B8626AFC8BA002A7B69 /* LaunchScreen.storyboard in Resources */,
				D9A04B8326AFC8BA002A7B69 /* Assets.xcassets in Resources */,
				D9A04B8126AFC8A4002A7B69 /* Main.storyboard in Resources */,
			);
			runOnlyForDeploymentPostprocessing = 0;
		};
/* End PBXResourcesBuildPhase section */

/* Begin PBXSourcesBuildPhase section */
		D9A04B7226AFC8A4002A7B69 /* Sources */ = {
			isa = PBXSourcesBuildPhase;
			buildActionMask = 2147483647;
			files = (
				D9A04B7E26AFC8A4002A7B69 /* ViewController.swift in Sources */,
				D9E78AF526B0585C004B3406 /* LabelText.swift in Sources */,
				D9A04B7A26AFC8A4002A7B69 /* AppDelegate.swift in Sources */,
				D9A04BA026AFD756002A7B69 /* ProfileHeader.swift in Sources */,
				D9A04B9826AFCD98002A7B69 /* FoodProfileView.swift in Sources */,
				D9A04B7C26AFC8A4002A7B69 /* SceneDelegate.swift in Sources */,
				D9A04B9426AFCACA002A7B69 /* FoodProfileController.swift in Sources */,
			);
			runOnlyForDeploymentPostprocessing = 0;
		};
/* End PBXSourcesBuildPhase section */

/* Begin PBXVariantGroup section */
		D9A04B7F26AFC8A4002A7B69 /* Main.storyboard */ = {
			isa = PBXVariantGroup;
			children = (
				D9A04B8026AFC8A4002A7B69 /* Base */,
			);
			name = Main.storyboard;
			sourceTree = "<group>";
		};
		D9A04B8426AFC8BA002A7B69 /* LaunchScreen.storyboard */ = {
			isa = PBXVariantGroup;
			children = (
				D9A04B8526AFC8BA002A7B69 /* Base */,
			);
			name = LaunchScreen.storyboard;
			sourceTree = "<group>";
		};
/* End PBXVariantGroup section */

/* Begin XCBuildConfiguration section */
		D9A04B8826AFC8BA002A7B69 /* Debug */ = {
			isa = XCBuildConfiguration;
			buildSettings = {
				ALWAYS_SEARCH_USER_PATHS = NO;
				CLANG_ANALYZER_NONNULL = YES;
				CLANG_ANALYZER_NUMBER_OBJECT_CONVERSION = YES_AGGRESSIVE;
				CLANG_CXX_LANGUAGE_STANDARD = "gnu++14";
				CLANG_CXX_LIBRARY = "libc++";
				CLANG_ENABLE_MODULES = YES;
				CLANG_ENABLE_OBJC_ARC = YES;
				CLANG_ENABLE_OBJC_WEAK = YES;
				CLANG_WARN_BLOCK_CAPTURE_AUTORELEASING = YES;
				CLANG_WARN_BOOL_CONVERSION = YES;
				CLANG_WARN_COMMA = YES;
				CLANG_WARN_CONSTANT_CONVERSION = YES;
				CLANG_WARN_DEPRECATED_OBJC_IMPLEMENTATIONS = YES;
				CLANG_WARN_DIRECT_OBJC_ISA_USAGE = YES_ERROR;
				CLANG_WARN_DOCUMENTATION_COMMENTS = YES;
				CLANG_WARN_EMPTY_BODY = YES;
				CLANG_WARN_ENUM_CONVERSION = YES;
				CLANG_WARN_INFINITE_RECURSION = YES;
				CLANG_WARN_INT_CONVERSION = YES;
				CLANG_WARN_NON_LITERAL_NULL_CONVERSION = YES;
				CLANG_WARN_OBJC_IMPLICIT_RETAIN_SELF = YES;
				CLANG_WARN_OBJC_LITERAL_CONVERSION = YES;
				CLANG_WARN_OBJC_ROOT_CLASS = YES_ERROR;
				CLANG_WARN_QUOTED_INCLUDE_IN_FRAMEWORK_HEADER = YES;
				CLANG_WARN_RANGE_LOOP_ANALYSIS = YES;
				CLANG_WARN_STRICT_PROTOTYPES = YES;
				CLANG_WARN_SUSPICIOUS_MOVE = YES;
				CLANG_WARN_UNGUARDED_AVAILABILITY = YES_AGGRESSIVE;
				CLANG_WARN_UNREACHABLE_CODE = YES;
				CLANG_WARN__DUPLICATE_METHOD_MATCH = YES;
				COPY_PHASE_STRIP = NO;
				DEBUG_INFORMATION_FORMAT = dwarf;
				ENABLE_STRICT_OBJC_MSGSEND = YES;
				ENABLE_TESTABILITY = YES;
				GCC_C_LANGUAGE_STANDARD = gnu11;
				GCC_DYNAMIC_NO_PIC = NO;
				GCC_NO_COMMON_BLOCKS = YES;
				GCC_OPTIMIZATION_LEVEL = 0;
				GCC_PREPROCESSOR_DEFINITIONS = (
					"DEBUG=1",
					"$(inherited)",
				);
				GCC_WARN_64_TO_32_BIT_CONVERSION = YES;
				GCC_WARN_ABOUT_RETURN_TYPE = YES_ERROR;
				GCC_WARN_UNDECLARED_SELECTOR = YES;
				GCC_WARN_UNINITIALIZED_AUTOS = YES_AGGRESSIVE;
				GCC_WARN_UNUSED_FUNCTION = YES;
				GCC_WARN_UNUSED_VARIABLE = YES;
				IPHONEOS_DEPLOYMENT_TARGET = 14.4;
				MTL_ENABLE_DEBUG_INFO = INCLUDE_SOURCE;
				MTL_FAST_MATH = YES;
				ONLY_ACTIVE_ARCH = YES;
				SDKROOT = iphoneos;
				SWIFT_ACTIVE_COMPILATION_CONDITIONS = DEBUG;
				SWIFT_OPTIMIZATION_LEVEL = "-Onone";
			};
			name = Debug;
		};
		D9A04B8926AFC8BA002A7B69 /* Release */ = {
			isa = XCBuildConfiguration;
			buildSettings = {
				ALWAYS_SEARCH_USER_PATHS = NO;
				CLANG_ANALYZER_NONNULL = YES;
				CLANG_ANALYZER_NUMBER_OBJECT_CONVERSION = YES_AGGRESSIVE;
				CLANG_CXX_LANGUAGE_STANDARD = "gnu++14";
				CLANG_CXX_LIBRARY = "libc++";
				CLANG_ENABLE_MODULES = YES;
				CLANG_ENABLE_OBJC_ARC = YES;
				CLANG_ENABLE_OBJC_WEAK = YES;
				CLANG_WARN_BLOCK_CAPTURE_AUTORELEASING = YES;
				CLANG_WARN_BOOL_CONVERSION = YES;
				CLANG_WARN_COMMA = YES;
				CLANG_WARN_CONSTANT_CONVERSION = YES;
				CLANG_WARN_DEPRECATED_OBJC_IMPLEMENTATIONS = YES;
				CLANG_WARN_DIRECT_OBJC_ISA_USAGE = YES_ERROR;
				CLANG_WARN_DOCUMENTATION_COMMENTS = YES;
				CLANG_WARN_EMPTY_BODY = YES;
				CLANG_WARN_ENUM_CONVERSION = YES;
				CLANG_WARN_INFINITE_RECURSION = YES;
				CLANG_WARN_INT_CONVERSION = YES;
				CLANG_WARN_NON_LITERAL_NULL_CONVERSION = YES;
				CLANG_WARN_OBJC_IMPLICIT_RETAIN_SELF = YES;
				CLANG_WARN_OBJC_LITERAL_CONVERSION = YES;
				CLANG_WARN_OBJC_ROOT_CLASS = YES_ERROR;
				CLANG_WARN_QUOTED_INCLUDE_IN_FRAMEWORK_HEADER = YES;
				CLANG_WARN_RANGE_LOOP_ANALYSIS = YES;
				CLANG_WARN_STRICT_PROTOTYPES = YES;
				CLANG_WARN_SUSPICIOUS_MOVE = YES;
				CLANG_WARN_UNGUARDED_AVAILABILITY = YES_AGGRESSIVE;
				CLANG_WARN_UNREACHABLE_CODE = YES;
				CLANG_WARN__DUPLICATE_METHOD_MATCH = YES;
				COPY_PHASE_STRIP = NO;
				DEBUG_INFORMATION_FORMAT = "dwarf-with-dsym";
				ENABLE_NS_ASSERTIONS = NO;
				ENABLE_STRICT_OBJC_MSGSEND = YES;
				GCC_C_LANGUAGE_STANDARD = gnu11;
				GCC_NO_COMMON_BLOCKS = YES;
				GCC_WARN_64_TO_32_BIT_CONVERSION = YES;
				GCC_WARN_ABOUT_RETURN_TYPE = YES_ERROR;
				GCC_WARN_UNDECLARED_SELECTOR = YES;
				GCC_WARN_UNINITIALIZED_AUTOS = YES_AGGRESSIVE;
				GCC_WARN_UNUSED_FUNCTION = YES;
				GCC_WARN_UNUSED_VARIABLE = YES;
				IPHONEOS_DEPLOYMENT_TARGET = 14.4;
				MTL_ENABLE_DEBUG_INFO = NO;
				MTL_FAST_MATH = YES;
				SDKROOT = iphoneos;
				SWIFT_COMPILATION_MODE = wholemodule;
				SWIFT_OPTIMIZATION_LEVEL = "-O";
				VALIDATE_PRODUCT = YES;
			};
			name = Release;
		};
		D9A04B8B26AFC8BA002A7B69 /* Debug */ = {
			isa = XCBuildConfiguration;
			buildSettings = {
				ASSETCATALOG_COMPILER_APPICON_NAME = AppIcon;
				ASSETCATALOG_COMPILER_GLOBAL_ACCENT_COLOR_NAME = AccentColor;
				CODE_SIGN_STYLE = Automatic;
				DEVELOPMENT_TEAM = 79T4246ALJ;
				INFOPLIST_FILE = Foodish/Info.plist;
				LD_RUNPATH_SEARCH_PATHS = (
					"$(inherited)",
					"@executable_path/Frameworks",
				);
				PRODUCT_BUNDLE_IDENTIFIER = com.appcoda.Foodish;
				PRODUCT_NAME = "$(TARGET_NAME)";
				SWIFT_VERSION = 5.0;
				TARGETED_DEVICE_FAMILY = "1,2";
			};
			name = Debug;
		};
		D9A04B8C26AFC8BA002A7B69 /* Release */ = {
			isa = XCBuildConfiguration;
			buildSettings = {
				ASSETCATALOG_COMPILER_APPICON_NAME = AppIcon;
				ASSETCATALOG_COMPILER_GLOBAL_ACCENT_COLOR_NAME = AccentColor;
				CODE_SIGN_STYLE = Automatic;
				DEVELOPMENT_TEAM = 79T4246ALJ;
				INFOPLIST_FILE = Foodish/Info.plist;
				LD_RUNPATH_SEARCH_PATHS = (
					"$(inherited)",
					"@executable_path/Frameworks",
				);
				PRODUCT_BUNDLE_IDENTIFIER = com.appcoda.Foodish;
				PRODUCT_NAME = "$(TARGET_NAME)";
				SWIFT_VERSION = 5.0;
				TARGETED_DEVICE_FAMILY = "1,2";
			};
			name = Release;
		};
/* End XCBuildConfiguration section */

/* Begin XCConfigurationList section */
		D9A04B7126AFC8A4002A7B69 /* Build configuration list for PBXProject "Foodish" */ = {
			isa = XCConfigurationList;
			buildConfigurations = (
				D9A04B8826AFC8BA002A7B69 /* Debug */,
				D9A04B8926AFC8BA002A7B69 /* Release */,
			);
			defaultConfigurationIsVisible = 0;
			defaultConfigurationName = Release;
		};
		D9A04B8A26AFC8BA002A7B69 /* Build configuration list for PBXNativeTarget "Foodish" */ = {
			isa = XCConfigurationList;
			buildConfigurations = (
				D9A04B8B26AFC8BA002A7B69 /* Debug */,
				D9A04B8C26AFC8BA002A7B69 /* Release */,
			);
			defaultConfigurationIsVisible = 0;
			defaultConfigurationName = Release;
		};
/* End XCConfigurationList section */

/* Begin XCRemoteSwiftPackageReference section */
		D9A04B9A26AFD14A002A7B69 /* XCRemoteSwiftPackageReference "SnapKit" */ = {
			isa = XCRemoteSwiftPackageReference;
			repositoryURL = "https://github.com/SnapKit/SnapKit";
			requirement = {
				kind = upToNextMajorVersion;
				minimumVersion = 5.0.1;
			};
		};
/* End XCRemoteSwiftPackageReference section */

/* Begin XCSwiftPackageProductDependency section */
		D9A04B9B26AFD14A002A7B69 /* SnapKit */ = {
			isa = XCSwiftPackageProductDependency;
			package = D9A04B9A26AFD14A002A7B69 /* XCRemoteSwiftPackageReference "SnapKit" */;
			productName = SnapKit;
		};
/* End XCSwiftPackageProductDependency section */
	};
	rootObject = D9A04B6E26AFC8A4002A7B69 /* Project object */;
}
